
Microsoft Visual Studio Solution File, Format Version 12.00
# Visual Studio 15
VisualStudioVersion = 15.0.27703.2000
MinimumVisualStudioVersion = 10.0.40219.1
Project("{9A19103F-16F7-4668-BE54-9A1E7A4F7556}") = "FusionCoreAPI", "FusionAPI\FusionCoreAPI.csproj", "{C9910BD1-582E-436B-9208-24A665866445}"
EndProject
Global
	GlobalSection(SolutionConfigurationPlatforms) = preSolution
		Debug|Any CPU = Debug|Any CPU
		Release|Any CPU = Release|Any CPU
	EndGlobalSection
	GlobalSection(ProjectConfigurationPlatforms) = postSolution
		{C9910BD1-582E-436B-9208-24A665866445}.Debug|Any CPU.ActiveCfg = Debug|Any CPU
		{C9910BD1-582E-436B-9208-24A665866445}.Debug|Any CPU.Build.0 = Debug|Any CPU
		{C9910BD1-582E-436B-9208-24A665866445}.Release|Any CPU.ActiveCfg = Release|Any CPU
		{C9910BD1-582E-436B-9208-24A665866445}.Release|Any CPU.Build.0 = Release|Any CPU
	EndGlobalSection
	GlobalSection(SolutionProperties) = preSolution
		HideSolutionNode = FALSE
	EndGlobalSection
	GlobalSection(ExtensibilityGlobals) = postSolution
		SolutionGuid = {AC13947F-A781-42D9-AFF4-EF4D677C972E}
	EndGlobalSection
EndGlobal
